{
  "requires": true,
  "lockfileVersion": 1,
  "dependencies": {
    "chartjs-plugin-datalabels": {
      "version": "0.6.0",
      "resolved": "https://registry.npmjs.org/chartjs-plugin-datalabels/-/chartjs-plugin-datalabels-0.6.0.tgz",
      "integrity": "sha512-3APqqeqVHlxjusTO0hETfNjq9HWCISLkjxQfAKgbnTfjZe60knOzVxDAgLGnpRvnzQvZUtwSlnJX2MHIuIUe8w=="
    }
  }
}
